
Microsoft Visual Studio Solution File, Format Version 12.00
# Visual Studio Version 17
VisualStudioVersion = 17.6.33723.286
MinimumVisualStudioVersion = 10.0.40219.1
Project("{9A19103F-16F7-4668-BE54-9A1E7A4F7556}") = "Assigment02_BussinessObject", "Assigment02_BussinessObject\Assigment02_BussinessObject.csproj", "{73A7522E-7CC2-4D98-BEA5-3A585123C265}"
EndProject
Project("{9A19103F-16F7-4668-BE54-9A1E7A4F7556}") = "Assigment02_WebAPI", "Assigment02_WebAPI\Assigment02_WebAPI.csproj", "{13DE6530-4780-4BE3-81C2-E734776B6A9F}"
EndProject
Project("{9A19103F-16F7-4668-BE54-9A1E7A4F7556}") = "Assigment02_Repositories", "Assigment02_Repositories\Assigment02_Repositories.csproj", "{7C7F9FE7-8B93-4C83-85AC-2070CFE6515C}"
EndProject
Project("{9A19103F-16F7-4668-BE54-9A1E7A4F7556}") = "Assigment02_Service", "Assigment02_Service\Assigment02_Service.csproj", "{090F50DC-6358-4AEB-9638-23027DAF6AB2}"
EndProject
Project("{9A19103F-16F7-4668-BE54-9A1E7A4F7556}") = "Assigment02_WebClient", "Assigment02_WebClient\Assigment02_WebClient.csproj", "{56BDF5E5-CA6B-4B2C-8E97-A32E8B8DC12E}"
EndProject
Global
	GlobalSection(SolutionConfigurationPlatforms) = preSolution
		Debug|Any CPU = Debug|Any CPU
		Release|Any CPU = Release|Any CPU
	EndGlobalSection
	GlobalSection(ProjectConfigurationPlatforms) = postSolution
		{73A7522E-7CC2-4D98-BEA5-3A585123C265}.Debug|Any CPU.ActiveCfg = Debug|Any CPU
		{73A7522E-7CC2-4D98-BEA5-3A585123C265}.Debug|Any CPU.Build.0 = Debug|Any CPU
		{73A7522E-7CC2-4D98-BEA5-3A585123C265}.Release|Any CPU.ActiveCfg = Release|Any CPU
		{73A7522E-7CC2-4D98-BEA5-3A585123C265}.Release|Any CPU.Build.0 = Release|Any CPU
		{13DE6530-4780-4BE3-81C2-E734776B6A9F}.Debug|Any CPU.ActiveCfg = Debug|Any CPU
		{13DE6530-4780-4BE3-81C2-E734776B6A9F}.Debug|Any CPU.Build.0 = Debug|Any CPU
		{13DE6530-4780-4BE3-81C2-E734776B6A9F}.Release|Any CPU.ActiveCfg = Release|Any CPU
		{13DE6530-4780-4BE3-81C2-E734776B6A9F}.Release|Any CPU.Build.0 = Release|Any CPU
		{7C7F9FE7-8B93-4C83-85AC-2070CFE6515C}.Debug|Any CPU.ActiveCfg = Debug|Any CPU
		{7C7F9FE7-8B93-4C83-85AC-2070CFE6515C}.Debug|Any CPU.Build.0 = Debug|Any CPU
		{7C7F9FE7-8B93-4C83-85AC-2070CFE6515C}.Release|Any CPU.ActiveCfg = Release|Any CPU
		{7C7F9FE7-8B93-4C83-85AC-2070CFE6515C}.Release|Any CPU.Build.0 = Release|Any CPU
		{090F50DC-6358-4AEB-9638-23027DAF6AB2}.Debug|Any CPU.ActiveCfg = Debug|Any CPU
		{090F50DC-6358-4AEB-9638-23027DAF6AB2}.Debug|Any CPU.Build.0 = Debug|Any CPU
		{090F50DC-6358-4AEB-9638-23027DAF6AB2}.Release|Any CPU.ActiveCfg = Release|Any CPU
		{090F50DC-6358-4AEB-9638-23027DAF6AB2}.Release|Any CPU.Build.0 = Release|Any CPU
		{56BDF5E5-CA6B-4B2C-8E97-A32E8B8DC12E}.Debug|Any CPU.ActiveCfg = Debug|Any CPU
		{56BDF5E5-CA6B-4B2C-8E97-A32E8B8DC12E}.Debug|Any CPU.Build.0 = Debug|Any CPU
		{56BDF5E5-CA6B-4B2C-8E97-A32E8B8DC12E}.Release|Any CPU.ActiveCfg = Release|Any CPU
		{56BDF5E5-CA6B-4B2C-8E97-A32E8B8DC12E}.Release|Any CPU.Build.0 = Release|Any CPU
	EndGlobalSection
	GlobalSection(SolutionProperties) = preSolution
		HideSolutionNode = FALSE
	EndGlobalSection
	GlobalSection(ExtensibilityGlobals) = postSolution
		SolutionGuid = {499C4CBC-8979-495A-8D78-DB6987BCBE39}
	EndGlobalSection
EndGlobal
